// !$*UTF8*$!
{
	archiveVersion = 1;
	classes = {
	};
	objectVersion = 55;
	objects = {

/* Begin PBXBuildFile section */
		06B9A881283553D7004B87DF /* AppDelegate.swift in Sources */ = {isa = PBXBuildFile; fileRef = 06B9A880283553D7004B87DF /* AppDelegate.swift */; };
		06B9A883283553D7004B87DF /* SceneDelegate.swift in Sources */ = {isa = PBXBuildFile; fileRef = 06B9A882283553D7004B87DF /* SceneDelegate.swift */; };
		06B9A885283553D7004B87DF /* ViewController.swift in Sources */ = {isa = PBXBuildFile; fileRef = 06B9A884283553D7004B87DF /* ViewController.swift */; };
		06B9A888283553D7004B87DF /* Main.storyboard in Resources */ = {isa = PBXBuildFile; fileRef = 06B9A886283553D7004B87DF /* Main.storyboard */; };
		06B9A88A283553DF004B87DF /* Assets.xcassets in Resources */ = {isa = PBXBuildFile; fileRef = 06B9A889283553DF004B87DF /* Assets.xcassets */; };
		06B9A88D283553DF004B87DF /* LaunchScreen.storyboard in Resources */ = {isa = PBXBuildFile; fileRef = 06B9A88B283553DF004B87DF /* LaunchScreen.storyboard */; };
		06B9A898283553E0004B87DF /* TetsVersionTests.swift in Sources */ = {isa = PBXBuildFile; fileRef = 06B9A897283553E0004B87DF /* TetsVersionTests.swift */; };
		06B9A8A2283553E0004B87DF /* TetsVersionUITests.swift in Sources */ = {isa = PBXBuildFile; fileRef = 06B9A8A1283553E0004B87DF /* TetsVersionUITests.swift */; };
		06B9A8A4283553E0004B87DF /* TetsVersionUITestsLaunchTests.swift in Sources */ = {isa = PBXBuildFile; fileRef = 06B9A8A3283553E0004B87DF /* TetsVersionUITestsLaunchTests.swift */; };
/* End PBXBuildFile section */

/* Begin PBXContainerItemProxy section */
		06B9A894283553E0004B87DF /* PBXContainerItemProxy */ = {
			isa = PBXContainerItemProxy;
			containerPortal = 06B9A875283553D7004B87DF /* Project object */;
			proxyType = 1;
			remoteGlobalIDString = 06B9A87C283553D7004B87DF;
			remoteInfo = TetsVersion;
		};
		06B9A89E283553E0004B87DF /* PBXContainerItemProxy */ = {
			isa = PBXContainerItemProxy;
			containerPortal = 06B9A875283553D7004B87DF /* Project object */;
			proxyType = 1;
			remoteGlobalIDString = 06B9A87C283553D7004B87DF;
			remoteInfo = TetsVersion;
		};
/* End PBXContainerItemProxy section */

/* Begin PBXFileReference section */
		06B9A87D283553D7004B87DF /* TetsVersion.app */ = {isa = PBXFileReference; explicitFileType = wrapper.application; includeInIndex = 0; path = TetsVersion.app; sourceTree = BUILT_PRODUCTS_DIR; };
		06B9A880283553D7004B87DF /* AppDelegate.swift */ = {isa = PBXFileReference; lastKnownFileType = sourcecode.swift; path = AppDelegate.swift; sourceTree = "<group>"; };
		06B9A882283553D7004B87DF /* SceneDelegate.swift */ = {isa = PBXFileReference; lastKnownFileType = sourcecode.swift; path = SceneDelegate.swift; sourceTree = "<group>"; };
		06B9A884283553D7004B87DF /* ViewController.swift */ = {isa = PBXFileReference; lastKnownFileType = sourcecode.swift; path = ViewController.swift; sourceTree = "<group>"; };
		06B9A887283553D7004B87DF /* Base */ = {isa = PBXFileReference; lastKnownFileType = file.storyboard; name = Base; path = Base.lproj/Main.storyboard; sourceTree = "<group>"; };
		06B9A889283553DF004B87DF /* Assets.xcassets */ = {isa = PBXFileReference; lastKnownFileType = folder.assetcatalog; path = Assets.xcassets; sourceTree = "<group>"; };
		06B9A88C283553DF004B87DF /* Base */ = {isa = PBXFileReference; lastKnownFileType = file.storyboard; name = Base; path = Base.lproj/LaunchScreen.storyboard; sourceTree = "<group>"; };
		06B9A88E283553DF004B87DF /* Info.plist */ = {isa = PBXFileReference; lastKnownFileType = text.plist.xml; path = Info.plist; sourceTree = "<group>"; };
		06B9A893283553E0004B87DF /* TetsVersionTests.xctest */ = {isa = PBXFileReference; explicitFileType = wrapper.cfbundle; includeInIndex = 0; path = TetsVersionTests.xctest; sourceTree = BUILT_PRODUCTS_DIR; };
		06B9A897283553E0004B87DF /* TetsVersionTests.swift */ = {isa = PBXFileReference; lastKnownFileType = sourcecode.swift; path = TetsVersionTests.swift; sourceTree = "<group>"; };
		06B9A89D283553E0004B87DF /* TetsVersionUITests.xctest */ = {isa = PBXFileReference; explicitFileType = wrapper.cfbundle; includeInIndex = 0; path = TetsVersionUITests.xctest; sourceTree = BUILT_PRODUCTS_DIR; };
		06B9A8A1283553E0004B87DF /* TetsVersionUITests.swift */ = {isa = PBXFileReference; lastKnownFileType = sourcecode.swift; path = TetsVersionUITests.swift; sourceTree = "<group>"; };
		06B9A8A3283553E0004B87DF /* TetsVersionUITestsLaunchTests.swift */ = {isa = PBXFileReference; lastKnownFileType = sourcecode.swift; path = TetsVersionUITestsLaunchTests.swift; sourceTree = "<group>"; };
/* End PBXFileReference section */

/* Begin PBXFrameworksBuildPhase section */
		06B9A87A283553D7004B87DF /* Frameworks */ = {
			isa = PBXFrameworksBuildPhase;
			buildActionMask = 2147483647;
			files = (
			);
			runOnlyForDeploymentPostprocessing = 0;
		};
		06B9A890283553E0004B87DF /* Frameworks */ = {
			isa = PBXFrameworksBuildPhase;
			buildActionMask = 2147483647;
			files = (
			);
			runOnlyForDeploymentPostprocessing = 0;
		};
		06B9A89A283553E0004B87DF /* Frameworks */ = {
			isa = PBXFrameworksBuildPhase;
			buildActionMask = 2147483647;
			files = (
			);
			runOnlyForDeploymentPostprocessing = 0;
		};
/* End PBXFrameworksBuildPhase section */

/* Begin PBXGroup section */
		06B9A874283553D7004B87DF = {
			isa = PBXGroup;
			children = (
				06B9A87F283553D7004B87DF /* TetsVersion */,
				06B9A896283553E0004B87DF /* TetsVersionTests */,
				06B9A8A0283553E0004B87DF /* TetsVersionUITests */,
				06B9A87E283553D7004B87DF /* Products */,
			);
			sourceTree = "<group>";
		};
		06B9A87E283553D7004B87DF /* Products */ = {
			isa = PBXGroup;
			children = (
				06B9A87D283553D7004B87DF /* TetsVersion.app */,
				06B9A893283553E0004B87DF /* TetsVersionTests.xctest */,
				06B9A89D283553E0004B87DF /* TetsVersionUITests.xctest */,
			);
			name = Products;
			sourceTree = "<group>";
		};
		06B9A87F283553D7004B87DF /* TetsVersion */ = {
			isa = PBXGroup;
			children = (
				06B9A880283553D7004B87DF /* AppDelegate.swift */,
				06B9A882283553D7004B87DF /* SceneDelegate.swift */,
				06B9A884283553D7004B87DF /* ViewController.swift */,
				06B9A886283553D7004B87DF /* Main.storyboard */,
				06B9A889283553DF004B87DF /* Assets.xcassets */,
				06B9A88B283553DF004B87DF /* LaunchScreen.storyboard */,
				06B9A88E283553DF004B87DF /* Info.plist */,
			);
			path = TetsVersion;
			sourceTree = "<group>";
		};
		06B9A896283553E0004B87DF /* TetsVersionTests */ = {
			isa = PBXGroup;
			children = (
				06B9A897283553E0004B87DF /* TetsVersionTests.swift */,
			);
			path = TetsVersionTests;
			sourceTree = "<group>";
		};
		06B9A8A0283553E0004B87DF /* TetsVersionUITests */ = {
			isa = PBXGroup;
			children = (
				06B9A8A1283553E0004B87DF /* TetsVersionUITests.swift */,
				06B9A8A3283553E0004B87DF /* TetsVersionUITestsLaunchTests.swift */,
			);
			path = TetsVersionUITests;
			sourceTree = "<group>";
		};
/* End PBXGroup section */

/* Begin PBXNativeTarget section */
		06B9A87C283553D7004B87DF /* TetsVersion */ = {
			isa = PBXNativeTarget;
			buildConfigurationList = 06B9A8A7283553E0004B87DF /* Build configuration list for PBXNativeTarget "TetsVersion" */;
			buildPhases = (
				06B9A879283553D7004B87DF /* Sources */,
				06B9A87A283553D7004B87DF /* Frameworks */,
				06B9A87B283553D7004B87DF /* Resources */,
			);
			buildRules = (
			);
			dependencies = (
			);
			name = TetsVersion;
			productName = TetsVersion;
			productReference = 06B9A87D283553D7004B87DF /* TetsVersion.app */;
			productType = "com.apple.product-type.application";
		};
		06B9A892283553E0004B87DF /* TetsVersionTests */ = {
			isa = PBXNativeTarget;
			buildConfigurationList = 06B9A8AA283553E0004B87DF /* Build configuration list for PBXNativeTarget "TetsVersionTests" */;
			buildPhases = (
				06B9A88F283553E0004B87DF /* Sources */,
				06B9A890283553E0004B87DF /* Frameworks */,
				06B9A891283553E0004B87DF /* Resources */,
			);
			buildRules = (
			);
			dependencies = (
				06B9A895283553E0004B87DF /* PBXTargetDependency */,
			);
			name = TetsVersionTests;
			productName = TetsVersionTests;
			productReference = 06B9A893283553E0004B87DF /* TetsVersionTests.xctest */;
			productType = "com.apple.product-type.bundle.unit-test";
		};
		06B9A89C283553E0004B87DF /* TetsVersionUITests */ = {
			isa = PBXNativeTarget;
			buildConfigurationList = 06B9A8AD283553E0004B87DF /* Build configuration list for PBXNativeTarget "TetsVersionUITests" */;
			buildPhases = (
				06B9A899283553E0004B87DF /* Sources */,
				06B9A89A283553E0004B87DF /* Frameworks */,
				06B9A89B283553E0004B87DF /* Resources */,
			);
			buildRules = (
			);
			dependencies = (
				06B9A89F283553E0004B87DF /* PBXTargetDependency */,
			);
			name = TetsVersionUITests;
			productName = TetsVersionUITests;
			productReference = 06B9A89D283553E0004B87DF /* TetsVersionUITests.xctest */;
			productType = "com.apple.product-type.bundle.ui-testing";
		};
/* End PBXNativeTarget section */

/* Begin PBXProject section */
		06B9A875283553D7004B87DF /* Project object */ = {
			isa = PBXProject;
			attributes = {
				BuildIndependentTargetsInParallel = 1;
				LastSwiftUpdateCheck = 1330;
				LastUpgradeCheck = 1330;
				TargetAttributes = {
					06B9A87C283553D7004B87DF = {
						CreatedOnToolsVersion = 13.3.1;
					};
					06B9A892283553E0004B87DF = {
						CreatedOnToolsVersion = 13.3.1;
						TestTargetID = 06B9A87C283553D7004B87DF;
					};
					06B9A89C283553E0004B87DF = {
						CreatedOnToolsVersion = 13.3.1;
						TestTargetID = 06B9A87C283553D7004B87DF;
					};
				};
			};
			buildConfigurationList = 06B9A878283553D7004B87DF /* Build configuration list for PBXProject "TetsVersion" */;
			compatibilityVersion = "Xcode 13.0";
			developmentRegion = en;
			hasScannedForEncodings = 0;
			knownRegions = (
				en,
				Base,
			);
			mainGroup = 06B9A874283553D7004B87DF;
			productRefGroup = 06B9A87E283553D7004B87DF /* Products */;
			projectDirPath = "";
			projectRoot = "";
			targets = (
				06B9A87C283553D7004B87DF /* TetsVersion */,
				06B9A892283553E0004B87DF /* TetsVersionTests */,
				06B9A89C283553E0004B87DF /* TetsVersionUITests */,
			);
		};
/* End PBXProject section */

/* Begin PBXResourcesBuildPhase section */
		06B9A87B283553D7004B87DF /* Resources */ = {
			isa = PBXResourcesBuildPhase;
			buildActionMask = 2147483647;
			files = (
				06B9A88D283553DF004B87DF /* LaunchScreen.storyboard in Resources */,
				06B9A88A283553DF004B87DF /* Assets.xcassets in Resources */,
				06B9A888283553D7004B87DF /* Main.storyboard in Resources */,
			);
			runOnlyForDeploymentPostprocessing = 0;
		};
		06B9A891283553E0004B87DF /* Resources */ = {
			isa = PBXResourcesBuildPhase;
			buildActionMask = 2147483647;
			files = (
			);
			runOnlyForDeploymentPostprocessing = 0;
		};
		06B9A89B283553E0004B87DF /* Resources */ = {
			isa = PBXResourcesBuildPhase;
			buildActionMask = 2147483647;
			files = (
			);
			runOnlyForDeploymentPostprocessing = 0;
		};
/* End PBXResourcesBuildPhase section */

/* Begin PBXSourcesBuildPhase section */
		06B9A879283553D7004B87DF /* Sources */ = {
			isa = PBXSourcesBuildPhase;
			buildActionMask = 2147483647;
			files = (
				06B9A885283553D7004B87DF /* ViewController.swift in Sources */,
				06B9A881283553D7004B87DF /* AppDelegate.swift in Sources */,
				06B9A883283553D7004B87DF /* SceneDelegate.swift in Sources */,
			);
			runOnlyForDeploymentPostprocessing = 0;
		};
		06B9A88F283553E0004B87DF /* Sources */ = {
			isa = PBXSourcesBuildPhase;
			buildActionMask = 2147483647;
			files = (
				06B9A898283553E0004B87DF /* TetsVersionTests.swift in Sources */,
			);
			runOnlyForDeploymentPostprocessing = 0;
		};
		06B9A899283553E0004B87DF /* Sources */ = {
			isa = PBXSourcesBuildPhase;
			buildActionMask = 2147483647;
			files = (
				06B9A8A2283553E0004B87DF /* TetsVersionUITests.swift in Sources */,
				06B9A8A4283553E0004B87DF /* TetsVersionUITestsLaunchTests.swift in Sources */,
			);
			runOnlyForDeploymentPostprocessing = 0;
		};
/* End PBXSourcesBuildPhase section */

/* Begin PBXTargetDependency section */
		06B9A895283553E0004B87DF /* PBXTargetDependency */ = {
			isa = PBXTargetDependency;
			target = 06B9A87C283553D7004B87DF /* TetsVersion */;
			targetProxy = 06B9A894283553E0004B87DF /* PBXContainerItemProxy */;
		};
		06B9A89F283553E0004B87DF /* PBXTargetDependency */ = {
			isa = PBXTargetDependency;
			target = 06B9A87C283553D7004B87DF /* TetsVersion */;
			targetProxy = 06B9A89E283553E0004B87DF /* PBXContainerItemProxy */;
		};
/* End PBXTargetDependency section */

/* Begin PBXVariantGroup section */
		06B9A886283553D7004B87DF /* Main.storyboard */ = {
			isa = PBXVariantGroup;
			children = (
				06B9A887283553D7004B87DF /* Base */,
			);
			name = Main.storyboard;
			sourceTree = "<group>";
		};
		06B9A88B283553DF004B87DF /* LaunchScreen.storyboard */ = {
			isa = PBXVariantGroup;
			children = (
				06B9A88C283553DF004B87DF /* Base */,
			);
			name = LaunchScreen.storyboard;
			sourceTree = "<group>";
		};
/* End PBXVariantGroup section */

/* Begin XCBuildConfiguration section */
		06B9A8A5283553E0004B87DF /* Debug */ = {
			isa = XCBuildConfiguration;
			buildSettings = {
				ALWAYS_SEARCH_USER_PATHS = NO;
				CLANG_ANALYZER_NONNULL = YES;
				CLANG_ANALYZER_NUMBER_OBJECT_CONVERSION = YES_AGGRESSIVE;
				CLANG_CXX_LANGUAGE_STANDARD = "gnu++17";
				CLANG_ENABLE_MODULES = YES;
				CLANG_ENABLE_OBJC_ARC = YES;
				CLANG_ENABLE_OBJC_WEAK = YES;
				CLANG_WARN_BLOCK_CAPTURE_AUTORELEASING = YES;
				CLANG_WARN_BOOL_CONVERSION = YES;
				CLANG_WARN_COMMA = YES;
				CLANG_WARN_CONSTANT_CONVERSION = YES;
				CLANG_WARN_DEPRECATED_OBJC_IMPLEMENTATIONS = YES;
				CLANG_WARN_DIRECT_OBJC_ISA_USAGE = YES_ERROR;
				CLANG_WARN_DOCUMENTATION_COMMENTS = YES;
				CLANG_WARN_EMPTY_BODY = YES;
				CLANG_WARN_ENUM_CONVERSION = YES;
				CLANG_WARN_INFINITE_RECURSION = YES;
				CLANG_WARN_INT_CONVERSION = YES;
				CLANG_WARN_NON_LITERAL_NULL_CONVERSION = YES;
				CLANG_WARN_OBJC_IMPLICIT_RETAIN_SELF = YES;
				CLANG_WARN_OBJC_LITERAL_CONVERSION = YES;
				CLANG_WARN_OBJC_ROOT_CLASS = YES_ERROR;
				CLANG_WARN_QUOTED_INCLUDE_IN_FRAMEWORK_HEADER = YES;
				CLANG_WARN_RANGE_LOOP_ANALYSIS = YES;
				CLANG_WARN_STRICT_PROTOTYPES = YES;
				CLANG_WARN_SUSPICIOUS_MOVE = YES;
				CLANG_WARN_UNGUARDED_AVAILABILITY = YES_AGGRESSIVE;
				CLANG_WARN_UNREACHABLE_CODE = YES;
				CLANG_WARN__DUPLICATE_METHOD_MATCH = YES;
				COPY_PHASE_STRIP = NO;
				DEBUG_INFORMATION_FORMAT = dwarf;
				ENABLE_STRICT_OBJC_MSGSEND = YES;
				ENABLE_TESTABILITY = YES;
				GCC_C_LANGUAGE_STANDARD = gnu11;
				GCC_DYNAMIC_NO_PIC = NO;
				GCC_NO_COMMON_BLOCKS = YES;
				GCC_OPTIMIZATION_LEVEL = 0;
				GCC_PREPROCESSOR_DEFINITIONS = (
					"DEBUG=1",
					"$(inherited)",
				);
				GCC_WARN_64_TO_32_BIT_CONVERSION = YES;
				GCC_WARN_ABOUT_RETURN_TYPE = YES_ERROR;
				GCC_WARN_UNDECLARED_SELECTOR = YES;
				GCC_WARN_UNINITIALIZED_AUTOS = YES_AGGRESSIVE;
				GCC_WARN_UNUSED_FUNCTION = YES;
				GCC_WARN_UNUSED_VARIABLE = YES;
				IPHONEOS_DEPLOYMENT_TARGET = 15.4;
				MTL_ENABLE_DEBUG_INFO = INCLUDE_SOURCE;
				MTL_FAST_MATH = YES;
				ONLY_ACTIVE_ARCH = YES;
				SDKROOT = iphoneos;
				SWIFT_ACTIVE_COMPILATION_CONDITIONS = DEBUG;
				SWIFT_OPTIMIZATION_LEVEL = "-Onone";
			};
			name = Debug;
		};
		06B9A8A6283553E0004B87DF /* Release */ = {
			isa = XCBuildConfiguration;
			buildSettings = {
				ALWAYS_SEARCH_USER_PATHS = NO;
				CLANG_ANALYZER_NONNULL = YES;
				CLANG_ANALYZER_NUMBER_OBJECT_CONVERSION = YES_AGGRESSIVE;
				CLANG_CXX_LANGUAGE_STANDARD = "gnu++17";
				CLANG_ENABLE_MODULES = YES;
				CLANG_ENABLE_OBJC_ARC = YES;
				CLANG_ENABLE_OBJC_WEAK = YES;
				CLANG_WARN_BLOCK_CAPTURE_AUTORELEASING = YES;
				CLANG_WARN_BOOL_CONVERSION = YES;
				CLANG_WARN_COMMA = YES;
				CLANG_WARN_CONSTANT_CONVERSION = YES;
				CLANG_WARN_DEPRECATED_OBJC_IMPLEMENTATIONS = YES;
				CLANG_WARN_DIRECT_OBJC_ISA_USAGE = YES_ERROR;
				CLANG_WARN_DOCUMENTATION_COMMENTS = YES;
				CLANG_WARN_EMPTY_BODY = YES;
				CLANG_WARN_ENUM_CONVERSION = YES;
				CLANG_WARN_INFINITE_RECURSION = YES;
				CLANG_WARN_INT_CONVERSION = YES;
				CLANG_WARN_NON_LITERAL_NULL_CONVERSION = YES;
				CLANG_WARN_OBJC_IMPLICIT_RETAIN_SELF = YES;
				CLANG_WARN_OBJC_LITERAL_CONVERSION = YES;
				CLANG_WARN_OBJC_ROOT_CLASS = YES_ERROR;
				CLANG_WARN_QUOTED_INCLUDE_IN_FRAMEWORK_HEADER = YES;
				CLANG_WARN_RANGE_LOOP_ANALYSIS = YES;
				CLANG_WARN_STRICT_PROTOTYPES = YES;
				CLANG_WARN_SUSPICIOUS_MOVE = YES;
				CLANG_WARN_UNGUARDED_AVAILABILITY = YES_AGGRESSIVE;
				CLANG_WARN_UNREACHABLE_CODE = YES;
				CLANG_WARN__DUPLICATE_METHOD_MATCH = YES;
				COPY_PHASE_STRIP = NO;
				DEBUG_INFORMATION_FORMAT = "dwarf-with-dsym";
				ENABLE_NS_ASSERTIONS = NO;
				ENABLE_STRICT_OBJC_MSGSEND = YES;
				GCC_C_LANGUAGE_STANDARD = gnu11;
				GCC_NO_COMMON_BLOCKS = YES;
				GCC_WARN_64_TO_32_BIT_CONVERSION = YES;
				GCC_WARN_ABOUT_RETURN_TYPE = YES_ERROR;
				GCC_WARN_UNDECLARED_SELECTOR = YES;
				GCC_WARN_UNINITIALIZED_AUTOS = YES_AGGRESSIVE;
				GCC_WARN_UNUSED_FUNCTION = YES;
				GCC_WARN_UNUSED_VARIABLE = YES;
				IPHONEOS_DEPLOYMENT_TARGET = 15.4;
				MTL_ENABLE_DEBUG_INFO = NO;
				MTL_FAST_MATH = YES;
				SDKROOT = iphoneos;
				SWIFT_COMPILATION_MODE = wholemodule;
				SWIFT_OPTIMIZATION_LEVEL = "-O";
				VALIDATE_PRODUCT = YES;
			};
			name = Release;
		};
		06B9A8A8283553E0004B87DF /* Debug */ = {
			isa = XCBuildConfiguration;
			buildSettings = {
				ASSETCATALOG_COMPILER_APPICON_NAME = AppIcon;
				ASSETCATALOG_COMPILER_GLOBAL_ACCENT_COLOR_NAME = AccentColor;
				CODE_SIGN_STYLE = Automatic;
				CURRENT_PROJECT_VERSION = 1;
				DEVELOPMENT_TEAM = T33A9YPY26;
				GENERATE_INFOPLIST_FILE = YES;
				INFOPLIST_FILE = TetsVersion/Info.plist;
				INFOPLIST_KEY_UIApplicationSupportsIndirectInputEvents = YES;
				INFOPLIST_KEY_UILaunchStoryboardName = LaunchScreen;
				INFOPLIST_KEY_UIMainStoryboardFile = Main;
				INFOPLIST_KEY_UISupportedInterfaceOrientations_iPad = "UIInterfaceOrientationPortrait UIInterfaceOrientationPortraitUpsideDown UIInterfaceOrientationLandscapeLeft UIInterfaceOrientationLandscapeRight";
				INFOPLIST_KEY_UISupportedInterfaceOrientations_iPhone = "UIInterfaceOrientationPortrait UIInterfaceOrientationLandscapeLeft UIInterfaceOrientationLandscapeRight";
				LD_RUNPATH_SEARCH_PATHS = (
					"$(inherited)",
					"@executable_path/Frameworks",
				);
				MARKETING_VERSION = 1.0;
				PRODUCT_BUNDLE_IDENTIFIER = arm5267.TetsVersion;
				PRODUCT_NAME = "$(TARGET_NAME)";
				SWIFT_EMIT_LOC_STRINGS = YES;
				SWIFT_VERSION = 5.0;
				TARGETED_DEVICE_FAMILY = "1,2";
			};
			name = Debug;
		};
		06B9A8A9283553E0004B87DF /* Release */ = {
			isa = XCBuildConfiguration;
			buildSettings = {
				ASSETCATALOG_COMPILER_APPICON_NAME = AppIcon;
				ASSETCATALOG_COMPILER_GLOBAL_ACCENT_COLOR_NAME = AccentColor;
				CODE_SIGN_STYLE = Automatic;
				CURRENT_PROJECT_VERSION = 1;
				DEVELOPMENT_TEAM = T33A9YPY26;
				GENERATE_INFOPLIST_FILE = YES;
				INFOPLIST_FILE = TetsVersion/Info.plist;
				INFOPLIST_KEY_UIApplicationSupportsIndirectInputEvents = YES;
				INFOPLIST_KEY_UILaunchStoryboardName = LaunchScreen;
				INFOPLIST_KEY_UIMainStoryboardFile = Main;
				INFOPLIST_KEY_UISupportedInterfaceOrientations_iPad = "UIInterfaceOrientationPortrait UIInterfaceOrientationPortraitUpsideDown UIInterfaceOrientationLandscapeLeft UIInterfaceOrientationLandscapeRight";
				INFOPLIST_KEY_UISupportedInterfaceOrientations_iPhone = "UIInterfaceOrientationPortrait UIInterfaceOrientationLandscapeLeft UIInterfaceOrientationLandscapeRight";
				LD_RUNPATH_SEARCH_PATHS = (
					"$(inherited)",
					"@executable_path/Frameworks",
				);
				MARKETING_VERSION = 1.0;
				PRODUCT_BUNDLE_IDENTIFIER = arm5267.TetsVersion;
				PRODUCT_NAME = "$(TARGET_NAME)";
				SWIFT_EMIT_LOC_STRINGS = YES;
				SWIFT_VERSION = 5.0;
				TARGETED_DEVICE_FAMILY = "1,2";
			};
			name = Release;
		};
		06B9A8AB283553E0004B87DF /* Debug */ = {
			isa = XCBuildConfiguration;
			buildSettings = {
				ALWAYS_EMBED_SWIFT_STANDARD_LIBRARIES = YES;
				BUNDLE_LOADER = "$(TEST_HOST)";
				CODE_SIGN_STYLE = Automatic;
				CURRENT_PROJECT_VERSION = 1;
				DEVELOPMENT_TEAM = T33A9YPY26;
				GENERATE_INFOPLIST_FILE = YES;
				IPHONEOS_DEPLOYMENT_TARGET = 15.4;
				MARKETING_VERSION = 1.0;
				PRODUCT_BUNDLE_IDENTIFIER = arm5267.TetsVersionTests;
				PRODUCT_NAME = "$(TARGET_NAME)";
				SWIFT_EMIT_LOC_STRINGS = NO;
				SWIFT_VERSION = 5.0;
				TARGETED_DEVICE_FAMILY = "1,2";
				TEST_HOST = "$(BUILT_PRODUCTS_DIR)/TetsVersion.app/TetsVersion";
			};
			name = Debug;
		};
		06B9A8AC283553E0004B87DF /* Release */ = {
			isa = XCBuildConfiguration;
			buildSettings = {
				ALWAYS_EMBED_SWIFT_STANDARD_LIBRARIES = YES;
				BUNDLE_LOADER = "$(TEST_HOST)";
				CODE_SIGN_STYLE = Automatic;
				CURRENT_PROJECT_VERSION = 1;
				DEVELOPMENT_TEAM = T33A9YPY26;
				GENERATE_INFOPLIST_FILE = YES;
				IPHONEOS_DEPLOYMENT_TARGET = 15.4;
				MARKETING_VERSION = 1.0;
				PRODUCT_BUNDLE_IDENTIFIER = arm5267.TetsVersionTests;
				PRODUCT_NAME = "$(TARGET_NAME)";
				SWIFT_EMIT_LOC_STRINGS = NO;
				SWIFT_VERSION = 5.0;
				TARGETED_DEVICE_FAMILY = "1,2";
				TEST_HOST = "$(BUILT_PRODUCTS_DIR)/TetsVersion.app/TetsVersion";
			};
			name = Release;
		};
		06B9A8AE283553E0004B87DF /* Debug */ = {
			isa = XCBuildConfiguration;
			buildSettings = {
				ALWAYS_EMBED_SWIFT_STANDARD_LIBRARIES = YES;
				CODE_SIGN_STYLE = Automatic;
				CURRENT_PROJECT_VERSION = 1;
				DEVELOPMENT_TEAM = T33A9YPY26;
				GENERATE_INFOPLIST_FILE = YES;
				MARKETING_VERSION = 1.0;
				PRODUCT_BUNDLE_IDENTIFIER = arm5267.TetsVersionUITests;
				PRODUCT_NAME = "$(TARGET_NAME)";
				SWIFT_EMIT_LOC_STRINGS = NO;
				SWIFT_VERSION = 5.0;
				TARGETED_DEVICE_FAMILY = "1,2";
				TEST_TARGET_NAME = TetsVersion;
			};
			name = Debug;
		};
		06B9A8AF283553E0004B87DF /* Release */ = {
			isa = XCBuildConfiguration;
			buildSettings = {
				ALWAYS_EMBED_SWIFT_STANDARD_LIBRARIES = YES;
				CODE_SIGN_STYLE = Automatic;
				CURRENT_PROJECT_VERSION = 1;
				DEVELOPMENT_TEAM = T33A9YPY26;
				GENERATE_INFOPLIST_FILE = YES;
				MARKETING_VERSION = 1.0;
				PRODUCT_BUNDLE_IDENTIFIER = arm5267.TetsVersionUITests;
				PRODUCT_NAME = "$(TARGET_NAME)";
				SWIFT_EMIT_LOC_STRINGS = NO;
				SWIFT_VERSION = 5.0;
				TARGETED_DEVICE_FAMILY = "1,2";
				TEST_TARGET_NAME = TetsVersion;
			};
			name = Release;
		};
/* End XCBuildConfiguration section */

/* Begin XCConfigurationList section */
		06B9A878283553D7004B87DF /* Build configuration list for PBXProject "TetsVersion" */ = {
			isa = XCConfigurationList;
			buildConfigurations = (
				06B9A8A5283553E0004B87DF /* Debug */,
				06B9A8A6283553E0004B87DF /* Release */,
			);
			defaultConfigurationIsVisible = 0;
			defaultConfigurationName = Release;
		};
		06B9A8A7283553E0004B87DF /* Build configuration list for PBXNativeTarget "TetsVersion" */ = {
			isa = XCConfigurationList;
			buildConfigurations = (
				06B9A8A8283553E0004B87DF /* Debug */,
				06B9A8A9283553E0004B87DF /* Release */,
			);
			defaultConfigurationIsVisible = 0;
			defaultConfigurationName = Release;
		};
		06B9A8AA283553E0004B87DF /* Build configuration list for PBXNativeTarget "TetsVersionTests" */ = {
			isa = XCConfigurationList;
			buildConfigurations = (
				06B9A8AB283553E0004B87DF /* Debug */,
				06B9A8AC283553E0004B87DF /* Release */,
			);
			defaultConfigurationIsVisible = 0;
			defaultConfigurationName = Release;
		};
		06B9A8AD283553E0004B87DF /* Build configuration list for PBXNativeTarget "TetsVersionUITests" */ = {
			isa = XCConfigurationList;
			buildConfigurations = (
				06B9A8AE283553E0004B87DF /* Debug */,
				06B9A8AF283553E0004B87DF /* Release */,
			);
			defaultConfigurationIsVisible = 0;
			defaultConfigurationName = Release;
		};
/* End XCConfigurationList section */
	};
	rootObject = 06B9A875283553D7004B87DF /* Project object */;
}
